{
  "name": "repro",
  "version": "5.0.0",
  "description": "Terminal REPRO v5.0 — Reabastecimento e Produtividade em Tempo Real",
  "license": "Apache-2.0",
  "author": "REPRO Team",
  "repository": {
    "type": "git",
    "url": "https://github.com/Emershow90/Repro.git"
  },
  "type": "module",
  "engines": {
    "node": ">=22.0.0",
    "npm": ">=10.0.0"
  },
  "scripts": {
    "dev": "vite",
    "build": "tsc -b && vite build",
    "preview": "vite preview",
    "typecheck": "tsc --noEmit",
    "test": "vitest run",
    "test:watch": "vitest",
    "lint": "biome check src/",
    "format": "biome format --write src/",
    "validate:lock": "node scripts/validate-lockfile.mjs"
  },
  "dependencies": {
    "@google/genai": "^2.4.0",
    "@supabase/supabase-js": "^2.115.0",
    "@use-gesture/react": "^10.3.1",
    "jspdf": "^4.2.1",
    "lucide-react": "^0.546.0",
    "motion": "^12.23.24",
    "react": "^19.2.7",
    "react-dom": "^19.2.7",
    "xlsx": "https://cdn.sheetjs.com/xlsx-0.20.3/xlsx-0.20.3.tgz",
    "zod": "^4.4.3",
    "zustand": "^5.0.14"
  },
  "devDependencies": {
    "@biomejs/biome": "^1.9.0",
    "@tailwindcss/vite": "^4.1.14",
    "@testing-library/jest-dom": "^6.6.0",
    "@testing-library/react": "^16.1.0",
    "@types/node": "^22.14.0",
    "@types/react": "^19.2.18",
    "@types/react-dom": "^19.2.7",
    "@vitejs/plugin-react": "^5.0.4",
    "jsdom": "^25.0.0",
    "tailwindcss": "^4.1.14",
    "tsx": "^4.21.0",
    "typescript": "~5.8.2",
    "vite": "^6.2.3",
    "vite-plugin-pwa": "^0.21.0",
    "vitest": "^2.1.0"
  },
  "overrides": {
    "node-fetch": "^3.3.2",
    "esbuild": "^0.25.12"
  },
  "browserslist": [
    "Chrome >= 110",
    "Safari >= 16",
    "Firefox >= 110",
    "Android >= 10"
  ]
}
